// !$*UTF8*$!
{
	archiveVersion = 1;
	classes = {
	};
	objectVersion = 46;
	objects = {

/* Begin PBXBuildFile section */
		6CCB53D01CECC3350017D98F /* main.m in Sources */ = {isa = PBXBuildFile; fileRef = 6CCB53CF1CECC3350017D98F /* main.m */; };
		6CCB53D31CECC3350017D98F /* AppDelegate.m in Sources */ = {isa = PBXBuildFile; fileRef = 6CCB53D21CECC3350017D98F /* AppDelegate.m */; };
		6CCB53D91CECC3350017D98F /* Main.storyboard in Resources */ = {isa = PBXBuildFile; fileRef = 6CCB53D71CECC3350017D98F /* Main.storyboard */; };
		6CCB53DB1CECC3350017D98F /* Assets.xcassets in Resources */ = {isa = PBXBuildFile; fileRef = 6CCB53DA1CECC3350017D98F /* Assets.xcassets */; };
		6CCB53DE1CECC3350017D98F /* LaunchScreen.storyboard in Resources */ = {isa = PBXBuildFile; fileRef = 6CCB53DC1CECC3350017D98F /* LaunchScreen.storyboard */; };
		6CCB53E71CECE4A00017D98F /* MainTableViewController.m in Sources */ = {isa = PBXBuildFile; fileRef = 6CCB53E61CECE4A00017D98F /* MainTableViewController.m */; };
		6CCB53EC1CECE5720017D98F /* Artist.m in Sources */ = {isa = PBXBuildFile; fileRef = 6CCB53EB1CECE5720017D98F /* Artist.m */; };
		6CCB53EF1CECE5B80017D98F /* NetworkManager.m in Sources */ = {isa = PBXBuildFile; fileRef = 6CCB53EE1CECE5B80017D98F /* NetworkManager.m */; };
		6CCB53F21CECEE3B0017D98F /* MainCellView.m in Sources */ = {isa = PBXBuildFile; fileRef = 6CCB53F11CECEE3B0017D98F /* MainCellView.m */; };
		6CCB53F51CED90C10017D98F /* ArtistBuilder.m in Sources */ = {isa = PBXBuildFile; fileRef = 6CCB53F41CED90C10017D98F /* ArtistBuilder.m */; };
		6CCB53F81CEDA6400017D98F /* Track.m in Sources */ = {isa = PBXBuildFile; fileRef = 6CCB53F71CEDA6400017D98F /* Track.m */; };
		6CCB54041CEE288C0017D98F /* TrackBuilder.m in Sources */ = {isa = PBXBuildFile; fileRef = 6CCB54031CEE288C0017D98F /* TrackBuilder.m */; };
		6CCB54071CEE40490017D98F /* TopTracksTableViewController.m in Sources */ = {isa = PBXBuildFile; fileRef = 6CCB54061CEE40490017D98F /* TopTracksTableViewController.m */; };
/* End PBXBuildFile section */

/* Begin PBXFileReference section */
		6CCB53CB1CECC3350017D98F /* Spotify Top Tracks.app */ = {isa = PBXFileReference; explicitFileType = wrapper.application; includeInIndex = 0; path = "Spotify Top Tracks.app"; sourceTree = BUILT_PRODUCTS_DIR; };
		6CCB53CF1CECC3350017D98F /* main.m */ = {isa = PBXFileReference; lastKnownFileType = sourcecode.c.objc; path = main.m; sourceTree = "<group>"; };
		6CCB53D11CECC3350017D98F /* AppDelegate.h */ = {isa = PBXFileReference; lastKnownFileType = sourcecode.c.h; path = AppDelegate.h; sourceTree = "<group>"; };
		6CCB53D21CECC3350017D98F /* AppDelegate.m */ = {isa = PBXFileReference; lastKnownFileType = sourcecode.c.objc; path = AppDelegate.m; sourceTree = "<group>"; };
		6CCB53D81CECC3350017D98F /* Base */ = {isa = PBXFileReference; lastKnownFileType = file.storyboard; name = Base; path = Base.lproj/Main.storyboard; sourceTree = "<group>"; };
		6CCB53DA1CECC3350017D98F /* Assets.xcassets */ = {isa = PBXFileReference; lastKnownFileType = folder.assetcatalog; path = Assets.xcassets; sourceTree = "<group>"; };
		6CCB53DD1CECC3350017D98F /* Base */ = {isa = PBXFileReference; lastKnownFileType = file.storyboard; name = Base; path = Base.lproj/LaunchScreen.storyboard; sourceTree = "<group>"; };
		6CCB53DF1CECC3350017D98F /* Info.plist */ = {isa = PBXFileReference; lastKnownFileType = text.plist.xml; path = Info.plist; sourceTree = "<group>"; };
		6CCB53E51CECE4A00017D98F /* MainTableViewController.h */ = {isa = PBXFileReference; fileEncoding = 4; lastKnownFileType = sourcecode.c.h; path = MainTableViewController.h; sourceTree = "<group>"; };
		6CCB53E61CECE4A00017D98F /* MainTableViewController.m */ = {isa = PBXFileReference; fileEncoding = 4; lastKnownFileType = sourcecode.c.objc; path = MainTableViewController.m; sourceTree = "<group>"; };
		6CCB53EA1CECE5720017D98F /* Artist.h */ = {isa = PBXFileReference; fileEncoding = 4; lastKnownFileType = sourcecode.c.h; path = Artist.h; sourceTree = "<group>"; };
		6CCB53EB1CECE5720017D98F /* Artist.m */ = {isa = PBXFileReference; fileEncoding = 4; lastKnownFileType = sourcecode.c.objc; path = Artist.m; sourceTree = "<group>"; };
		6CCB53ED1CECE5B80017D98F /* NetworkManager.h */ = {isa = PBXFileReference; fileEncoding = 4; lastKnownFileType = sourcecode.c.h; path = NetworkManager.h; sourceTree = "<group>"; };
		6CCB53EE1CECE5B80017D98F /* NetworkManager.m */ = {isa = PBXFileReference; fileEncoding = 4; lastKnownFileType = sourcecode.c.objc; path = NetworkManager.m; sourceTree = "<group>"; };
		6CCB53F01CECEE3B0017D98F /* MainCellView.h */ = {isa = PBXFileReference; fileEncoding = 4; lastKnownFileType = sourcecode.c.h; path = MainCellView.h; sourceTree = "<group>"; };
		6CCB53F11CECEE3B0017D98F /* MainCellView.m */ = {isa = PBXFileReference; fileEncoding = 4; lastKnownFileType = sourcecode.c.objc; path = MainCellView.m; sourceTree = "<group>"; };
		6CCB53F31CED90C10017D98F /* ArtistBuilder.h */ = {isa = PBXFileReference; fileEncoding = 4; lastKnownFileType = sourcecode.c.h; path = ArtistBuilder.h; sourceTree = "<group>"; };
		6CCB53F41CED90C10017D98F /* ArtistBuilder.m */ = {isa = PBXFileReference; fileEncoding = 4; lastKnownFileType = sourcecode.c.objc; path = ArtistBuilder.m; sourceTree = "<group>"; };
		6CCB53F61CEDA6400017D98F /* Track.h */ = {isa = PBXFileReference; fileEncoding = 4; lastKnownFileType = sourcecode.c.h; path = Track.h; sourceTree = "<group>"; };
		6CCB53F71CEDA6400017D98F /* Track.m */ = {isa = PBXFileReference; fileEncoding = 4; lastKnownFileType = sourcecode.c.objc; path = Track.m; sourceTree = "<group>"; };
		6CCB54021CEE288C0017D98F /* TrackBuilder.h */ = {isa = PBXFileReference; fileEncoding = 4; lastKnownFileType = sourcecode.c.h; path = TrackBuilder.h; sourceTree = "<group>"; };
		6CCB54031CEE288C0017D98F /* TrackBuilder.m */ = {isa = PBXFileReference; fileEncoding = 4; lastKnownFileType = sourcecode.c.objc; path = TrackBuilder.m; sourceTree = "<group>"; };
		6CCB54051CEE40490017D98F /* TopTracksTableViewController.h */ = {isa = PBXFileReference; fileEncoding = 4; lastKnownFileType = sourcecode.c.h; path = TopTracksTableViewController.h; sourceTree = "<group>"; };
		6CCB54061CEE40490017D98F /* TopTracksTableViewController.m */ = {isa = PBXFileReference; fileEncoding = 4; lastKnownFileType = sourcecode.c.objc; path = TopTracksTableViewController.m; sourceTree = "<group>"; };
/* End PBXFileReference section */

/* Begin PBXFrameworksBuildPhase section */
		6CCB53C81CECC3350017D98F /* Frameworks */ = {
			isa = PBXFrameworksBuildPhase;
			buildActionMask = 2147483647;
			files = (
			);
			runOnlyForDeploymentPostprocessing = 0;
		};
/* End PBXFrameworksBuildPhase section */

/* Begin PBXGroup section */
		6CCB53C21CECC3350017D98F = {
			isa = PBXGroup;
			children = (
				6CCB53CD1CECC3350017D98F /* Spotify Top Tracks */,
				6CCB53CC1CECC3350017D98F /* Products */,
			);
			sourceTree = "<group>";
		};
		6CCB53CC1CECC3350017D98F /* Products */ = {
			isa = PBXGroup;
			children = (
				6CCB53CB1CECC3350017D98F /* Spotify Top Tracks.app */,
			);
			name = Products;
			sourceTree = "<group>";
		};
		6CCB53CD1CECC3350017D98F /* Spotify Top Tracks */ = {
			isa = PBXGroup;
			children = (
				6CCB53D11CECC3350017D98F /* AppDelegate.h */,
				6CCB53D21CECC3350017D98F /* AppDelegate.m */,
				6CCB53D71CECC3350017D98F /* Main.storyboard */,
				6CCB53E91CECE5540017D98F /* Models */,
				6CCB53E81CECE53B0017D98F /* ViewControllers */,
				6CCB53DA1CECC3350017D98F /* Assets.xcassets */,
				6CCB53DC1CECC3350017D98F /* LaunchScreen.storyboard */,
				6CCB53DF1CECC3350017D98F /* Info.plist */,
				6CCB53CE1CECC3350017D98F /* Supporting Files */,
			);
			path = "Spotify Top Tracks";
			sourceTree = "<group>";
		};
		6CCB53CE1CECC3350017D98F /* Supporting Files */ = {
			isa = PBXGroup;
			children = (
				6CCB53CF1CECC3350017D98F /* main.m */,
			);
			name = "Supporting Files";
			sourceTree = "<group>";
		};
		6CCB53E81CECE53B0017D98F /* ViewControllers */ = {
			isa = PBXGroup;
			children = (
				6CCB54051CEE40490017D98F /* TopTracksTableViewController.h */,
				6CCB54061CEE40490017D98F /* TopTracksTableViewController.m */,
				6CCB53E51CECE4A00017D98F /* MainTableViewController.h */,
				6CCB53E61CECE4A00017D98F /* MainTableViewController.m */,
				6CCB53F01CECEE3B0017D98F /* MainCellView.h */,
				6CCB53F11CECEE3B0017D98F /* MainCellView.m */,
			);
			name = ViewControllers;
			sourceTree = "<group>";
		};
		6CCB53E91CECE5540017D98F /* Models */ = {
			isa = PBXGroup;
			children = (
				6CCB53ED1CECE5B80017D98F /* NetworkManager.h */,
				6CCB53EE1CECE5B80017D98F /* NetworkManager.m */,
				6CCB53F61CEDA6400017D98F /* Track.h */,
				6CCB53F71CEDA6400017D98F /* Track.m */,
				6CCB54021CEE288C0017D98F /* TrackBuilder.h */,
				6CCB54031CEE288C0017D98F /* TrackBuilder.m */,
				6CCB53EA1CECE5720017D98F /* Artist.h */,
				6CCB53EB1CECE5720017D98F /* Artist.m */,
				6CCB53F31CED90C10017D98F /* ArtistBuilder.h */,
				6CCB53F41CED90C10017D98F /* ArtistBuilder.m */,
			);
			name = Models;
			sourceTree = "<group>";
		};
/* End PBXGroup section */

/* Begin PBXNativeTarget section */
		6CCB53CA1CECC3350017D98F /* Spotify Top Tracks */ = {
			isa = PBXNativeTarget;
			buildConfigurationList = 6CCB53E21CECC3350017D98F /* Build configuration list for PBXNativeTarget "Spotify Top Tracks" */;
			buildPhases = (
				6CCB53C71CECC3350017D98F /* Sources */,
				6CCB53C81CECC3350017D98F /* Frameworks */,
				6CCB53C91CECC3350017D98F /* Resources */,
			);
			buildRules = (
			);
			dependencies = (
			);
			name = "Spotify Top Tracks";
			productName = "Spotify Top Tracks";
			productReference = 6CCB53CB1CECC3350017D98F /* Spotify Top Tracks.app */;
			productType = "com.apple.product-type.application";
		};
/* End PBXNativeTarget section */

/* Begin PBXProject section */
		6CCB53C31CECC3350017D98F /* Project object */ = {
			isa = PBXProject;
			attributes = {
				LastUpgradeCheck = 0720;
				ORGANIZATIONNAME = moorsideinc;
				TargetAttributes = {
					6CCB53CA1CECC3350017D98F = {
						CreatedOnToolsVersion = 7.2.1;
					};
				};
			};
			buildConfigurationList = 6CCB53C61CECC3350017D98F /* Build configuration list for PBXProject "Spotify Top Tracks" */;
			compatibilityVersion = "Xcode 3.2";
			developmentRegion = English;
			hasScannedForEncodings = 0;
			knownRegions = (
				en,
				Base,
			);
			mainGroup = 6CCB53C21CECC3350017D98F;
			productRefGroup = 6CCB53CC1CECC3350017D98F /* Products */;
			projectDirPath = "";
			projectRoot = "";
			targets = (
				6CCB53CA1CECC3350017D98F /* Spotify Top Tracks */,
			);
		};
/* End PBXProject section */

/* Begin PBXResourcesBuildPhase section */
		6CCB53C91CECC3350017D98F /* Resources */ = {
			isa = PBXResourcesBuildPhase;
			buildActionMask = 2147483647;
			files = (
				6CCB53DE1CECC3350017D98F /* LaunchScreen.storyboard in Resources */,
				6CCB53DB1CECC3350017D98F /* Assets.xcassets in Resources */,
				6CCB53D91CECC3350017D98F /* Main.storyboard in Resources */,
			);
			runOnlyForDeploymentPostprocessing = 0;
		};
/* End PBXResourcesBuildPhase section */

/* Begin PBXSourcesBuildPhase section */
		6CCB53C71CECC3350017D98F /* Sources */ = {
			isa = PBXSourcesBuildPhase;
			buildActionMask = 2147483647;
			files = (
				6CCB53D31CECC3350017D98F /* AppDelegate.m in Sources */,
				6CCB53F21CECEE3B0017D98F /* MainCellView.m in Sources */,
				6CCB54071CEE40490017D98F /* TopTracksTableViewController.m in Sources */,
				6CCB53D01CECC3350017D98F /* main.m in Sources */,
				6CCB53EC1CECE5720017D98F /* Artist.m in Sources */,
				6CCB53EF1CECE5B80017D98F /* NetworkManager.m in Sources */,
				6CCB53F51CED90C10017D98F /* ArtistBuilder.m in Sources */,
				6CCB53E71CECE4A00017D98F /* MainTableViewController.m in Sources */,
				6CCB53F81CEDA6400017D98F /* Track.m in Sources */,
				6CCB54041CEE288C0017D98F /* TrackBuilder.m in Sources */,
			);
			runOnlyForDeploymentPostprocessing = 0;
		};
/* End PBXSourcesBuildPhase section */

/* Begin PBXVariantGroup section */
		6CCB53D71CECC3350017D98F /* Main.storyboard */ = {
			isa = PBXVariantGroup;
			children = (
				6CCB53D81CECC3350017D98F /* Base */,
			);
			name = Main.storyboard;
			sourceTree = "<group>";
		};
		6CCB53DC1CECC3350017D98F /* LaunchScreen.storyboard */ = {
			isa = PBXVariantGroup;
			children = (
				6CCB53DD1CECC3350017D98F /* Base */,
			);
			name = LaunchScreen.storyboard;
			sourceTree = "<group>";
		};
/* End PBXVariantGroup section */

/* Begin XCBuildConfiguration section */
		6CCB53E01CECC3350017D98F /* Debug */ = {
			isa = XCBuildConfiguration;
			buildSettings = {
				ALWAYS_SEARCH_USER_PATHS = NO;
				CLANG_CXX_LANGUAGE_STANDARD = "gnu++0x";
				CLANG_CXX_LIBRARY = "libc++";
				CLANG_ENABLE_MODULES = YES;
				CLANG_ENABLE_OBJC_ARC = YES;
				CLANG_WARN_BOOL_CONVERSION = YES;
				CLANG_WARN_CONSTANT_CONVERSION = YES;
				CLANG_WARN_DIRECT_OBJC_ISA_USAGE = YES_ERROR;
				CLANG_WARN_EMPTY_BODY = YES;
				CLANG_WARN_ENUM_CONVERSION = YES;
				CLANG_WARN_INT_CONVERSION = YES;
				CLANG_WARN_OBJC_ROOT_CLASS = YES_ERROR;
				CLANG_WARN_UNREACHABLE_CODE = YES;
				CLANG_WARN__DUPLICATE_METHOD_MATCH = YES;
				"CODE_SIGN_IDENTITY[sdk=iphoneos*]" = "iPhone Developer";
				COPY_PHASE_STRIP = NO;
				DEBUG_INFORMATION_FORMAT = dwarf;
				ENABLE_STRICT_OBJC_MSGSEND = YES;
				ENABLE_TESTABILITY = YES;
				GCC_C_LANGUAGE_STANDARD = gnu99;
				GCC_DYNAMIC_NO_PIC = NO;
				GCC_NO_COMMON_BLOCKS = YES;
				GCC_OPTIMIZATION_LEVEL = 0;
				GCC_PREPROCESSOR_DEFINITIONS = (
					"DEBUG=1",
					"$(inherited)",
				);
				GCC_WARN_64_TO_32_BIT_CONVERSION = YES;
				GCC_WARN_ABOUT_RETURN_TYPE = YES_ERROR;
				GCC_WARN_UNDECLARED_SELECTOR = YES;
				GCC_WARN_UNINITIALIZED_AUTOS = YES_AGGRESSIVE;
				GCC_WARN_UNUSED_FUNCTION = YES;
				GCC_WARN_UNUSED_VARIABLE = YES;
				IPHONEOS_DEPLOYMENT_TARGET = 9.2;
				MTL_ENABLE_DEBUG_INFO = YES;
				ONLY_ACTIVE_ARCH = YES;
				SDKROOT = iphoneos;
			};
			name = Debug;
		};
		6CCB53E11CECC3350017D98F /* Release */ = {
			isa = XCBuildConfiguration;
			buildSettings = {
				ALWAYS_SEARCH_USER_PATHS = NO;
				CLANG_CXX_LANGUAGE_STANDARD = "gnu++0x";
				CLANG_CXX_LIBRARY = "libc++";
				CLANG_ENABLE_MODULES = YES;
				CLANG_ENABLE_OBJC_ARC = YES;
				CLANG_WARN_BOOL_CONVERSION = YES;
				CLANG_WARN_CONSTANT_CONVERSION = YES;
				CLANG_WARN_DIRECT_OBJC_ISA_USAGE = YES_ERROR;
				CLANG_WARN_EMPTY_BODY = YES;
				CLANG_WARN_ENUM_CONVERSION = YES;
				CLANG_WARN_INT_CONVERSION = YES;
				CLANG_WARN_OBJC_ROOT_CLASS = YES_ERROR;
				CLANG_WARN_UNREACHABLE_CODE = YES;
				CLANG_WARN__DUPLICATE_METHOD_MATCH = YES;
				"CODE_SIGN_IDENTITY[sdk=iphoneos*]" = "iPhone Developer";
				COPY_PHASE_STRIP = NO;
				DEBUG_INFORMATION_FORMAT = "dwarf-with-dsym";
				ENABLE_NS_ASSERTIONS = NO;
				ENABLE_STRICT_OBJC_MSGSEND = YES;
				GCC_C_LANGUAGE_STANDARD = gnu99;
				GCC_NO_COMMON_BLOCKS = YES;
				GCC_WARN_64_TO_32_BIT_CONVERSION = YES;
				GCC_WARN_ABOUT_RETURN_TYPE = YES_ERROR;
				GCC_WARN_UNDECLARED_SELECTOR = YES;
				GCC_WARN_UNINITIALIZED_AUTOS = YES_AGGRESSIVE;
				GCC_WARN_UNUSED_FUNCTION = YES;
				GCC_WARN_UNUSED_VARIABLE = YES;
				IPHONEOS_DEPLOYMENT_TARGET = 9.2;
				MTL_ENABLE_DEBUG_INFO = NO;
				SDKROOT = iphoneos;
				VALIDATE_PRODUCT = YES;
			};
			name = Release;
		};
		6CCB53E31CECC3350017D98F /* Debug */ = {
			isa = XCBuildConfiguration;
			buildSettings = {
				ASSETCATALOG_COMPILER_APPICON_NAME = AppIcon;
				INFOPLIST_FILE = "Spotify Top Tracks/Info.plist";
				LD_RUNPATH_SEARCH_PATHS = "$(inherited) @executable_path/Frameworks";
				PRODUCT_BUNDLE_IDENTIFIER = "com.moorsideinc.Spotify-Top-Tracks";
				PRODUCT_NAME = "$(TARGET_NAME)";
			};
			name = Debug;
		};
		6CCB53E41CECC3350017D98F /* Release */ = {
			isa = XCBuildConfiguration;
			buildSettings = {
				ASSETCATALOG_COMPILER_APPICON_NAME = AppIcon;
				INFOPLIST_FILE = "Spotify Top Tracks/Info.plist";
				LD_RUNPATH_SEARCH_PATHS = "$(inherited) @executable_path/Frameworks";
				PRODUCT_BUNDLE_IDENTIFIER = "com.moorsideinc.Spotify-Top-Tracks";
				PRODUCT_NAME = "$(TARGET_NAME)";
			};
			name = Release;
		};
/* End XCBuildConfiguration section */

/* Begin XCConfigurationList section */
		6CCB53C61CECC3350017D98F /* Build configuration list for PBXProject "Spotify Top Tracks" */ = {
			isa = XCConfigurationList;
			buildConfigurations = (
				6CCB53E01CECC3350017D98F /* Debug */,
				6CCB53E11CECC3350017D98F /* Release */,
			);
			defaultConfigurationIsVisible = 0;
			defaultConfigurationName = Release;
		};
		6CCB53E21CECC3350017D98F /* Build configuration list for PBXNativeTarget "Spotify Top Tracks" */ = {
			isa = XCConfigurationList;
			buildConfigurations = (
				6CCB53E31CECC3350017D98F /* Debug */,
				6CCB53E41CECC3350017D98F /* Release */,
			);
			defaultConfigurationIsVisible = 0;
		};
/* End XCConfigurationList section */
	};
	rootObject = 6CCB53C31CECC3350017D98F /* Project object */;
}
